
Microsoft Visual Studio Solution File, Format Version 12.00
# Visual Studio Version 16
VisualStudioVersion = 16.0.29709.97
MinimumVisualStudioVersion = 10.0.40219.1
Project("{FAE04EC0-301F-11D3-BF4B-00C04F79EFBC}") = "ExtractEmailAttachment", "ExtractEmailAttachment\ExtractEmailAttachment.csproj", "{F38C82D4-C6EA-40A2-83B8-058382B88900}"
EndProject
Global
	GlobalSection(SolutionConfigurationPlatforms) = preSolution
		Debug|Any CPU = Debug|Any CPU
		Release|Any CPU = Release|Any CPU
	EndGlobalSection
	GlobalSection(ProjectConfigurationPlatforms) = postSolution
		{F38C82D4-C6EA-40A2-83B8-058382B88900}.Debug|Any CPU.ActiveCfg = Debug|Any CPU
		{F38C82D4-C6EA-40A2-83B8-058382B88900}.Debug|Any CPU.Build.0 = Debug|Any CPU
		{F38C82D4-C6EA-40A2-83B8-058382B88900}.Release|Any CPU.ActiveCfg = Release|Any CPU
		{F38C82D4-C6EA-40A2-83B8-058382B88900}.Release|Any CPU.Build.0 = Release|Any CPU
	EndGlobalSection
	GlobalSection(SolutionProperties) = preSolution
		HideSolutionNode = FALSE
	EndGlobalSection
	GlobalSection(ExtensibilityGlobals) = postSolution
		SolutionGuid = {0C9D7A9F-FB2E-4B09-AF9B-FF68ED89B195}
	EndGlobalSection
EndGlobal
